
Microsoft Visual Studio Solution File, Format Version 12.00
# Visual Studio Version 16
VisualStudioVersion = 16.0.29911.84
MinimumVisualStudioVersion = 10.0.40219.1
Project("{FAE04EC0-301F-11D3-BF4B-00C04F79EFBC}") = "MM370-Tools", "MM370-Tools.csproj", "{A7A381C8-BCF8-4D5F-B37B-E2EF7E378C4A}"
EndProject
Global
	GlobalSection(SolutionConfigurationPlatforms) = preSolution
		Debug|Any CPU = Debug|Any CPU
		Debug|x86 = Debug|x86
		Release|Any CPU = Release|Any CPU
		Release|x86 = Release|x86
	EndGlobalSection
	GlobalSection(ProjectConfigurationPlatforms) = postSolution
		{A7A381C8-BCF8-4D5F-B37B-E2EF7E378C4A}.Debug|Any CPU.ActiveCfg = Debug|Any CPU
		{A7A381C8-BCF8-4D5F-B37B-E2EF7E378C4A}.Debug|Any CPU.Build.0 = Debug|Any CPU
		{A7A381C8-BCF8-4D5F-B37B-E2EF7E378C4A}.Debug|x86.ActiveCfg = Debug|x86
		{A7A381C8-BCF8-4D5F-B37B-E2EF7E378C4A}.Debug|x86.Build.0 = Debug|x86
		{A7A381C8-BCF8-4D5F-B37B-E2EF7E378C4A}.Release|Any CPU.ActiveCfg = Release|Any CPU
		{A7A381C8-BCF8-4D5F-B37B-E2EF7E378C4A}.Release|Any CPU.Build.0 = Release|Any CPU
		{A7A381C8-BCF8-4D5F-B37B-E2EF7E378C4A}.Release|x86.ActiveCfg = Release|x86
		{A7A381C8-BCF8-4D5F-B37B-E2EF7E378C4A}.Release|x86.Build.0 = Release|x86
	EndGlobalSection
	GlobalSection(SolutionProperties) = preSolution
		HideSolutionNode = FALSE
	EndGlobalSection
	GlobalSection(ExtensibilityGlobals) = postSolution
		SolutionGuid = {5830DC46-BFB8-47A6-918F-5013F6181D7A}
	EndGlobalSection
EndGlobal
